
Microsoft Visual Studio Solution File, Format Version 12.00
# Visual Studio Version 17
VisualStudioVersion = 17.0.31903.59
MinimumVisualStudioVersion = 10.0.40219.1
Project("{2150E333-8FDC-42A3-9474-1A3956D46DE8}") = "src", "src", "{6E773CFD-9758-4C09-96F6-5EDCED0E3A34}"
	ProjectSection(SolutionItems) = preProject
		src\Directory.Build.props = src\Directory.Build.props
	EndProjectSection
EndProject
Project("{9A19103F-16F7-4668-BE54-9A1E7A4F7556}") = "Aspirant.Hosting", "src\Aspirant.Hosting\Aspirant.Hosting.csproj", "{035BD3FC-BB20-4BC8-9142-91C52D5756D9}"
EndProject
Project("{2150E333-8FDC-42A3-9474-1A3956D46DE8}") = "Solution Items", "Solution Items", "{6FD05746-1D60-4FB7-B70C-1120465CE120}"
	ProjectSection(SolutionItems) = preProject
		Directory.Packages.props = Directory.Packages.props
		README.md = README.md
	EndProjectSection
EndProject
Project("{2150E333-8FDC-42A3-9474-1A3956D46DE8}") = "samples", "samples", "{57D3A0E9-336C-4DB9-BB05-26A42AD7066B}"
EndProject
Project("{9A19103F-16F7-4668-BE54-9A1E7A4F7556}") = "YarpResource.AppHost", "samples\YarpResource\YarpResource.AppHost\YarpResource.AppHost.csproj", "{11095737-3F82-451A-87A8-7988CC944C44}"
EndProject
Project("{9A19103F-16F7-4668-BE54-9A1E7A4F7556}") = "YarpResource.ServiceDefaults", "samples\YarpResource\YarpResource.ServiceDefaults\YarpResource.ServiceDefaults.csproj", "{3635F4F3-4D16-4652-A940-83970D569354}"
EndProject
Project("{2150E333-8FDC-42A3-9474-1A3956D46DE8}") = "YarpResource", "YarpResource", "{C942640B-A960-403F-8A3A-763733FB6D29}"
EndProject
Project("{9A19103F-16F7-4668-BE54-9A1E7A4F7556}") = "WebApplication1", "samples\YarpResource\WebApplication1\WebApplication1.csproj", "{35444AB4-827D-4450-9C7D-182F6AEA5E94}"
EndProject
Project("{9A19103F-16F7-4668-BE54-9A1E7A4F7556}") = "WebApplication2", "samples\YarpResource\WebApplication2\WebApplication2.csproj", "{2DC7F355-42CC-48F4-BEC9-BB9F0E708336}"
EndProject
Project("{2150E333-8FDC-42A3-9474-1A3956D46DE8}") = "tests", "tests", "{25313666-00D4-4FD9-9759-49D96BE94BEC}"
EndProject
Project("{9A19103F-16F7-4668-BE54-9A1E7A4F7556}") = "SamplesTests", "tests\SamplesTests\SamplesTests.csproj", "{B9B6EF97-17DE-4E0B-B1CF-2F5134F5558E}"
EndProject
Project("{9A19103F-16F7-4668-BE54-9A1E7A4F7556}") = "Aspirant.Hosting.Yarp", "src\Aspirant.Hosting.Yarp\Aspirant.Hosting.Yarp.csproj", "{82915081-DF0A-49E3-A310-FD356DC508FA}"
EndProject
Project("{9A19103F-16F7-4668-BE54-9A1E7A4F7556}") = "Aspirant.Hosting.Testing", "src\Aspirant.Hosting.Testing\Aspirant.Hosting.Testing.csproj", "{9A87F6D8-2C5C-4365-8201-1EF8EFC58771}"
EndProject
Project("{9A19103F-16F7-4668-BE54-9A1E7A4F7556}") = "Aspirant.Hosting.Testing.xunit", "src\Aspirant.Hosting.Testing.xunit\Aspirant.Hosting.Testing.xunit.csproj", "{3DC79FE3-C731-48AF-9F46-958FA3866C2B}"
EndProject
Project("{9A19103F-16F7-4668-BE54-9A1E7A4F7556}") = "Aspirant.Hosting.UnitTests", "tests\Aspirant.Hosting.UnitTests\Aspirant.Hosting.UnitTests.csproj", "{C298B315-F532-4135-8B56-40CCE3AD3B82}"
EndProject
Project("{FAE04EC0-301F-11D3-BF4B-00C04F79EFBC}") = "Aspirant.Hosting.Redis", "src\Aspirant.Hosting.Redis\Aspirant.Hosting.Redis.csproj", "{1A0397EA-A6C6-468B-A111-253EE6EA17A1}"
EndProject
Project("{FAE04EC0-301F-11D3-BF4B-00C04F79EFBC}") = "Aspirant.Hosting.SqlServer", "src\Aspirant.Hosting.SqlServer\Aspirant.Hosting.SqlServer.csproj", "{135004A9-F7E0-46D9-B3D0-3D64BA3C40B9}"
EndProject
Project("{FAE04EC0-301F-11D3-BF4B-00C04F79EFBC}") = "Aspirant.Hosting.PostgreSQL", "src\Aspirant.Hosting.PostgreSQL\Aspirant.Hosting.PostgreSQL.csproj", "{77D17495-C537-4446-8C2E-8B46560E0992}"
EndProject
Global
	GlobalSection(SolutionConfigurationPlatforms) = preSolution
		Debug|Any CPU = Debug|Any CPU
		Release|Any CPU = Release|Any CPU
	EndGlobalSection
	GlobalSection(ProjectConfigurationPlatforms) = postSolution
		{035BD3FC-BB20-4BC8-9142-91C52D5756D9}.Debug|Any CPU.ActiveCfg = Debug|Any CPU
		{035BD3FC-BB20-4BC8-9142-91C52D5756D9}.Debug|Any CPU.Build.0 = Debug|Any CPU
		{035BD3FC-BB20-4BC8-9142-91C52D5756D9}.Release|Any CPU.ActiveCfg = Release|Any CPU
		{035BD3FC-BB20-4BC8-9142-91C52D5756D9}.Release|Any CPU.Build.0 = Release|Any CPU
		{11095737-3F82-451A-87A8-7988CC944C44}.Debug|Any CPU.ActiveCfg = Debug|Any CPU
		{11095737-3F82-451A-87A8-7988CC944C44}.Debug|Any CPU.Build.0 = Debug|Any CPU
		{11095737-3F82-451A-87A8-7988CC944C44}.Release|Any CPU.ActiveCfg = Release|Any CPU
		{11095737-3F82-451A-87A8-7988CC944C44}.Release|Any CPU.Build.0 = Release|Any CPU
		{3635F4F3-4D16-4652-A940-83970D569354}.Debug|Any CPU.ActiveCfg = Debug|Any CPU
		{3635F4F3-4D16-4652-A940-83970D569354}.Debug|Any CPU.Build.0 = Debug|Any CPU
		{3635F4F3-4D16-4652-A940-83970D569354}.Release|Any CPU.ActiveCfg = Release|Any CPU
		{3635F4F3-4D16-4652-A940-83970D569354}.Release|Any CPU.Build.0 = Release|Any CPU
		{35444AB4-827D-4450-9C7D-182F6AEA5E94}.Debug|Any CPU.ActiveCfg = Debug|Any CPU
		{35444AB4-827D-4450-9C7D-182F6AEA5E94}.Debug|Any CPU.Build.0 = Debug|Any CPU
		{35444AB4-827D-4450-9C7D-182F6AEA5E94}.Release|Any CPU.ActiveCfg = Release|Any CPU
		{35444AB4-827D-4450-9C7D-182F6AEA5E94}.Release|Any CPU.Build.0 = Release|Any CPU
		{2DC7F355-42CC-48F4-BEC9-BB9F0E708336}.Debug|Any CPU.ActiveCfg = Debug|Any CPU
		{2DC7F355-42CC-48F4-BEC9-BB9F0E708336}.Debug|Any CPU.Build.0 = Debug|Any CPU
		{2DC7F355-42CC-48F4-BEC9-BB9F0E708336}.Release|Any CPU.ActiveCfg = Release|Any CPU
		{2DC7F355-42CC-48F4-BEC9-BB9F0E708336}.Release|Any CPU.Build.0 = Release|Any CPU
		{B9B6EF97-17DE-4E0B-B1CF-2F5134F5558E}.Debug|Any CPU.ActiveCfg = Debug|Any CPU
		{B9B6EF97-17DE-4E0B-B1CF-2F5134F5558E}.Debug|Any CPU.Build.0 = Debug|Any CPU
		{B9B6EF97-17DE-4E0B-B1CF-2F5134F5558E}.Release|Any CPU.ActiveCfg = Release|Any CPU
		{B9B6EF97-17DE-4E0B-B1CF-2F5134F5558E}.Release|Any CPU.Build.0 = Release|Any CPU
		{82915081-DF0A-49E3-A310-FD356DC508FA}.Debug|Any CPU.ActiveCfg = Debug|Any CPU
		{82915081-DF0A-49E3-A310-FD356DC508FA}.Debug|Any CPU.Build.0 = Debug|Any CPU
		{82915081-DF0A-49E3-A310-FD356DC508FA}.Release|Any CPU.ActiveCfg = Release|Any CPU
		{82915081-DF0A-49E3-A310-FD356DC508FA}.Release|Any CPU.Build.0 = Release|Any CPU
		{9A87F6D8-2C5C-4365-8201-1EF8EFC58771}.Debug|Any CPU.ActiveCfg = Debug|Any CPU
		{9A87F6D8-2C5C-4365-8201-1EF8EFC58771}.Debug|Any CPU.Build.0 = Debug|Any CPU
		{9A87F6D8-2C5C-4365-8201-1EF8EFC58771}.Release|Any CPU.ActiveCfg = Release|Any CPU
		{9A87F6D8-2C5C-4365-8201-1EF8EFC58771}.Release|Any CPU.Build.0 = Release|Any CPU
		{3DC79FE3-C731-48AF-9F46-958FA3866C2B}.Debug|Any CPU.ActiveCfg = Debug|Any CPU
		{3DC79FE3-C731-48AF-9F46-958FA3866C2B}.Debug|Any CPU.Build.0 = Debug|Any CPU
		{3DC79FE3-C731-48AF-9F46-958FA3866C2B}.Release|Any CPU.ActiveCfg = Release|Any CPU
		{3DC79FE3-C731-48AF-9F46-958FA3866C2B}.Release|Any CPU.Build.0 = Release|Any CPU
		{C298B315-F532-4135-8B56-40CCE3AD3B82}.Debug|Any CPU.ActiveCfg = Debug|Any CPU
		{C298B315-F532-4135-8B56-40CCE3AD3B82}.Debug|Any CPU.Build.0 = Debug|Any CPU
		{C298B315-F532-4135-8B56-40CCE3AD3B82}.Release|Any CPU.ActiveCfg = Release|Any CPU
		{C298B315-F532-4135-8B56-40CCE3AD3B82}.Release|Any CPU.Build.0 = Release|Any CPU
		{1A0397EA-A6C6-468B-A111-253EE6EA17A1}.Debug|Any CPU.ActiveCfg = Debug|Any CPU
		{1A0397EA-A6C6-468B-A111-253EE6EA17A1}.Debug|Any CPU.Build.0 = Debug|Any CPU
		{1A0397EA-A6C6-468B-A111-253EE6EA17A1}.Release|Any CPU.ActiveCfg = Release|Any CPU
		{1A0397EA-A6C6-468B-A111-253EE6EA17A1}.Release|Any CPU.Build.0 = Release|Any CPU
		{135004A9-F7E0-46D9-B3D0-3D64BA3C40B9}.Debug|Any CPU.ActiveCfg = Debug|Any CPU
		{135004A9-F7E0-46D9-B3D0-3D64BA3C40B9}.Debug|Any CPU.Build.0 = Debug|Any CPU
		{135004A9-F7E0-46D9-B3D0-3D64BA3C40B9}.Release|Any CPU.ActiveCfg = Release|Any CPU
		{135004A9-F7E0-46D9-B3D0-3D64BA3C40B9}.Release|Any CPU.Build.0 = Release|Any CPU
		{77D17495-C537-4446-8C2E-8B46560E0992}.Debug|Any CPU.ActiveCfg = Debug|Any CPU
		{77D17495-C537-4446-8C2E-8B46560E0992}.Debug|Any CPU.Build.0 = Debug|Any CPU
		{77D17495-C537-4446-8C2E-8B46560E0992}.Release|Any CPU.ActiveCfg = Release|Any CPU
		{77D17495-C537-4446-8C2E-8B46560E0992}.Release|Any CPU.Build.0 = Release|Any CPU
	EndGlobalSection
	GlobalSection(SolutionProperties) = preSolution
		HideSolutionNode = FALSE
	EndGlobalSection
	GlobalSection(NestedProjects) = preSolution
		{035BD3FC-BB20-4BC8-9142-91C52D5756D9} = {6E773CFD-9758-4C09-96F6-5EDCED0E3A34}
		{11095737-3F82-451A-87A8-7988CC944C44} = {C942640B-A960-403F-8A3A-763733FB6D29}
		{3635F4F3-4D16-4652-A940-83970D569354} = {C942640B-A960-403F-8A3A-763733FB6D29}
		{C942640B-A960-403F-8A3A-763733FB6D29} = {57D3A0E9-336C-4DB9-BB05-26A42AD7066B}
		{35444AB4-827D-4450-9C7D-182F6AEA5E94} = {C942640B-A960-403F-8A3A-763733FB6D29}
		{2DC7F355-42CC-48F4-BEC9-BB9F0E708336} = {C942640B-A960-403F-8A3A-763733FB6D29}
		{B9B6EF97-17DE-4E0B-B1CF-2F5134F5558E} = {25313666-00D4-4FD9-9759-49D96BE94BEC}
		{82915081-DF0A-49E3-A310-FD356DC508FA} = {6E773CFD-9758-4C09-96F6-5EDCED0E3A34}
		{9A87F6D8-2C5C-4365-8201-1EF8EFC58771} = {6E773CFD-9758-4C09-96F6-5EDCED0E3A34}
		{3DC79FE3-C731-48AF-9F46-958FA3866C2B} = {6E773CFD-9758-4C09-96F6-5EDCED0E3A34}
		{C298B315-F532-4135-8B56-40CCE3AD3B82} = {25313666-00D4-4FD9-9759-49D96BE94BEC}
		{1A0397EA-A6C6-468B-A111-253EE6EA17A1} = {6E773CFD-9758-4C09-96F6-5EDCED0E3A34}
		{135004A9-F7E0-46D9-B3D0-3D64BA3C40B9} = {6E773CFD-9758-4C09-96F6-5EDCED0E3A34}
		{77D17495-C537-4446-8C2E-8B46560E0992} = {6E773CFD-9758-4C09-96F6-5EDCED0E3A34}
	EndGlobalSection
	GlobalSection(ExtensibilityGlobals) = postSolution
		SolutionGuid = {52627286-38AF-4E95-BDA0-B21166B2B18C}
	EndGlobalSection
EndGlobal
